{
  "object": {
    "pins": [
      {
        "package": "Synthesis",
        "repositoryURL": "https://github.com/brendenk1/Synthesis",
        "state": {
          "branch": null,
          "revision": "adfc3bc2ee8ec46f24c45ce81df3e0b8e46cc745",
          "version": "2.3.0"
        }
      }
    ]
  },
  "version": 1
}
