{
  "object": {
    "pins": [
      {
        "package": "Synthesis",
        "repositoryURL": "https://github.com/brendenk1/Synthesis",
        "state": {
          "branch": null,
          "revision": "0aa23a28dc90075801cc32feb6827a629ff79e53",
          "version": "2.1.0"
        }
      }
    ]
  },
  "version": 1
}
