{
  "object": {
    "pins": [
      {
        "package": "Synthesis",
        "repositoryURL": "https://github.com/brendenk1/Synthesis",
        "state": {
          "branch": null,
          "revision": "0d26405a9755e587082edb022c1272d114a72231",
          "version": "1.5.0"
        }
      }
    ]
  },
  "version": 1
}
